
Microsoft Visual Studio Solution File, Format Version 12.00
# Visual Studio Version 17
VisualStudioVersion = 17.7.34031.279
MinimumVisualStudioVersion = 10.0.40219.1
Project("{9A19103F-16F7-4668-BE54-9A1E7A4F7556}") = "BankApp", "BankApp\BankApp.csproj", "{777CC322-16FA-44CD-B495-01E624F28FF3}"
EndProject
Project("{FAE04EC0-301F-11D3-BF4B-00C04F79EFBC}") = "BankApp.Data", "BankApp.Data\BankApp.Data.csproj", "{A1A02EAF-4BD6-4DDE-9E1C-DA4947842EAE}"
EndProject
Project("{FAE04EC0-301F-11D3-BF4B-00C04F79EFBC}") = "BankApp.Core", "BankApp.Core\BankApp.Core.csproj", "{432B7D77-5AF0-4AC2-A873-1B07E1C49679}"
EndProject
Global
	GlobalSection(SolutionConfigurationPlatforms) = preSolution
		Debug|Any CPU = Debug|Any CPU
		Release|Any CPU = Release|Any CPU
	EndGlobalSection
	GlobalSection(ProjectConfigurationPlatforms) = postSolution
		{777CC322-16FA-44CD-B495-01E624F28FF3}.Debug|Any CPU.ActiveCfg = Debug|Any CPU
		{777CC322-16FA-44CD-B495-01E624F28FF3}.Debug|Any CPU.Build.0 = Debug|Any CPU
		{777CC322-16FA-44CD-B495-01E624F28FF3}.Release|Any CPU.ActiveCfg = Release|Any CPU
		{777CC322-16FA-44CD-B495-01E624F28FF3}.Release|Any CPU.Build.0 = Release|Any CPU
		{A1A02EAF-4BD6-4DDE-9E1C-DA4947842EAE}.Debug|Any CPU.ActiveCfg = Debug|Any CPU
		{A1A02EAF-4BD6-4DDE-9E1C-DA4947842EAE}.Debug|Any CPU.Build.0 = Debug|Any CPU
		{A1A02EAF-4BD6-4DDE-9E1C-DA4947842EAE}.Release|Any CPU.ActiveCfg = Release|Any CPU
		{A1A02EAF-4BD6-4DDE-9E1C-DA4947842EAE}.Release|Any CPU.Build.0 = Release|Any CPU
		{432B7D77-5AF0-4AC2-A873-1B07E1C49679}.Debug|Any CPU.ActiveCfg = Debug|Any CPU
		{432B7D77-5AF0-4AC2-A873-1B07E1C49679}.Debug|Any CPU.Build.0 = Debug|Any CPU
		{432B7D77-5AF0-4AC2-A873-1B07E1C49679}.Release|Any CPU.ActiveCfg = Release|Any CPU
		{432B7D77-5AF0-4AC2-A873-1B07E1C49679}.Release|Any CPU.Build.0 = Release|Any CPU
	EndGlobalSection
	GlobalSection(SolutionProperties) = preSolution
		HideSolutionNode = FALSE
	EndGlobalSection
	GlobalSection(ExtensibilityGlobals) = postSolution
		SolutionGuid = {69D4BF57-9F90-4B5C-9B50-B5CC280BF7A2}
	EndGlobalSection
EndGlobal
